// !$*UTF8*$!
{
	archiveVersion = 1;
	classes = {
	};
	objectVersion = 50;
	objects = {

/* Begin PBXBuildFile section */
		223F3F932217D56B00A9CE34 /* main.swift in Sources */ = {isa = PBXBuildFile; fileRef = 223F3F922217D56B00A9CE34 /* main.swift */; };
		223F3FA22217F27500A9CE34 /* CarRacingGameTests.swift in Sources */ = {isa = PBXBuildFile; fileRef = 223F3FA12217F27500A9CE34 /* CarRacingGameTests.swift */; };
		223F3FAD2220060F00A9CE34 /* Car.swift in Sources */ = {isa = PBXBuildFile; fileRef = 223F3FAC2220060F00A9CE34 /* Car.swift */; };
		223F3FAF222008CB00A9CE34 /* RacingGame.swift in Sources */ = {isa = PBXBuildFile; fileRef = 223F3FAE222008CB00A9CE34 /* RacingGame.swift */; };
		223F3FB122200A1900A9CE34 /* RandomNumber.swift in Sources */ = {isa = PBXBuildFile; fileRef = 223F3FB022200A1900A9CE34 /* RandomNumber.swift */; };
		223F3FB32220142A00A9CE34 /* main.swift in Sources */ = {isa = PBXBuildFile; fileRef = 223F3F922217D56B00A9CE34 /* main.swift */; };
		223F3FB52220146700A9CE34 /* Car.swift in Sources */ = {isa = PBXBuildFile; fileRef = 223F3FAC2220060F00A9CE34 /* Car.swift */; };
		223F3FB62220146A00A9CE34 /* RacingGame.swift in Sources */ = {isa = PBXBuildFile; fileRef = 223F3FAE222008CB00A9CE34 /* RacingGame.swift */; };
		223F3FB72220146C00A9CE34 /* RandomNumber.swift in Sources */ = {isa = PBXBuildFile; fileRef = 223F3FB022200A1900A9CE34 /* RandomNumber.swift */; };
/* End PBXBuildFile section */

/* Begin PBXCopyFilesBuildPhase section */
		223F3F8D2217D56B00A9CE34 /* CopyFiles */ = {
			isa = PBXCopyFilesBuildPhase;
			buildActionMask = 2147483647;
			dstPath = /usr/share/man/man1/;
			dstSubfolderSpec = 0;
			files = (
			);
			runOnlyForDeploymentPostprocessing = 1;
		};
/* End PBXCopyFilesBuildPhase section */

/* Begin PBXFileReference section */
		223F3F8F2217D56B00A9CE34 /* CarRacingGame */ = {isa = PBXFileReference; explicitFileType = "compiled.mach-o.executable"; includeInIndex = 0; path = CarRacingGame; sourceTree = BUILT_PRODUCTS_DIR; };
		223F3F922217D56B00A9CE34 /* main.swift */ = {isa = PBXFileReference; lastKnownFileType = sourcecode.swift; path = main.swift; sourceTree = "<group>"; };
		223F3F9F2217F27500A9CE34 /* CarRacingGameTests.xctest */ = {isa = PBXFileReference; explicitFileType = wrapper.cfbundle; includeInIndex = 0; path = CarRacingGameTests.xctest; sourceTree = BUILT_PRODUCTS_DIR; };
		223F3FA12217F27500A9CE34 /* CarRacingGameTests.swift */ = {isa = PBXFileReference; lastKnownFileType = sourcecode.swift; path = CarRacingGameTests.swift; sourceTree = "<group>"; };
		223F3FA32217F27500A9CE34 /* Info.plist */ = {isa = PBXFileReference; lastKnownFileType = text.plist.xml; path = Info.plist; sourceTree = "<group>"; };
		223F3FAC2220060F00A9CE34 /* Car.swift */ = {isa = PBXFileReference; lastKnownFileType = sourcecode.swift; path = Car.swift; sourceTree = "<group>"; };
		223F3FAE222008CB00A9CE34 /* RacingGame.swift */ = {isa = PBXFileReference; lastKnownFileType = sourcecode.swift; path = RacingGame.swift; sourceTree = "<group>"; };
		223F3FB022200A1900A9CE34 /* RandomNumber.swift */ = {isa = PBXFileReference; lastKnownFileType = sourcecode.swift; path = RandomNumber.swift; sourceTree = "<group>"; };
/* End PBXFileReference section */

/* Begin PBXFrameworksBuildPhase section */
		223F3F8C2217D56B00A9CE34 /* Frameworks */ = {
			isa = PBXFrameworksBuildPhase;
			buildActionMask = 2147483647;
			files = (
			);
			runOnlyForDeploymentPostprocessing = 0;
		};
		223F3F9C2217F27500A9CE34 /* Frameworks */ = {
			isa = PBXFrameworksBuildPhase;
			buildActionMask = 2147483647;
			files = (
			);
			runOnlyForDeploymentPostprocessing = 0;
		};
/* End PBXFrameworksBuildPhase section */

/* Begin PBXGroup section */
		223F3F862217D56B00A9CE34 = {
			isa = PBXGroup;
			children = (
				223F3F912217D56B00A9CE34 /* CarRacingGame */,
				223F3FA02217F27500A9CE34 /* CarRacingGameTests */,
				223F3F902217D56B00A9CE34 /* Products */,
			);
			sourceTree = "<group>";
		};
		223F3F902217D56B00A9CE34 /* Products */ = {
			isa = PBXGroup;
			children = (
				223F3F8F2217D56B00A9CE34 /* CarRacingGame */,
				223F3F9F2217F27500A9CE34 /* CarRacingGameTests.xctest */,
			);
			name = Products;
			sourceTree = "<group>";
		};
		223F3F912217D56B00A9CE34 /* CarRacingGame */ = {
			isa = PBXGroup;
			children = (
				223F3F922217D56B00A9CE34 /* main.swift */,
				223F3FB022200A1900A9CE34 /* RandomNumber.swift */,
				223F3FAC2220060F00A9CE34 /* Car.swift */,
				223F3FAE222008CB00A9CE34 /* RacingGame.swift */,
			);
			path = CarRacingGame;
			sourceTree = "<group>";
		};
		223F3FA02217F27500A9CE34 /* CarRacingGameTests */ = {
			isa = PBXGroup;
			children = (
				223F3FA12217F27500A9CE34 /* CarRacingGameTests.swift */,
				223F3FA32217F27500A9CE34 /* Info.plist */,
			);
			path = CarRacingGameTests;
			sourceTree = "<group>";
		};
/* End PBXGroup section */

/* Begin PBXNativeTarget section */
		223F3F8E2217D56B00A9CE34 /* CarRacingGame */ = {
			isa = PBXNativeTarget;
			buildConfigurationList = 223F3F962217D56B00A9CE34 /* Build configuration list for PBXNativeTarget "CarRacingGame" */;
			buildPhases = (
				223F3F8B2217D56B00A9CE34 /* Sources */,
				223F3F8C2217D56B00A9CE34 /* Frameworks */,
				223F3F8D2217D56B00A9CE34 /* CopyFiles */,
			);
			buildRules = (
			);
			dependencies = (
			);
			name = CarRacingGame;
			productName = CarRacingGame;
			productReference = 223F3F8F2217D56B00A9CE34 /* CarRacingGame */;
			productType = "com.apple.product-type.tool";
		};
		223F3F9E2217F27500A9CE34 /* CarRacingGameTests */ = {
			isa = PBXNativeTarget;
			buildConfigurationList = 223F3FA42217F27500A9CE34 /* Build configuration list for PBXNativeTarget "CarRacingGameTests" */;
			buildPhases = (
				223F3F9B2217F27500A9CE34 /* Sources */,
				223F3F9C2217F27500A9CE34 /* Frameworks */,
				223F3F9D2217F27500A9CE34 /* Resources */,
			);
			buildRules = (
			);
			dependencies = (
			);
			name = CarRacingGameTests;
			productName = CarRacingGameTests;
			productReference = 223F3F9F2217F27500A9CE34 /* CarRacingGameTests.xctest */;
			productType = "com.apple.product-type.bundle.unit-test";
		};
/* End PBXNativeTarget section */

/* Begin PBXProject section */
		223F3F872217D56B00A9CE34 /* Project object */ = {
			isa = PBXProject;
			attributes = {
				LastSwiftUpdateCheck = 1010;
				LastUpgradeCheck = 1010;
				ORGANIZATIONNAME = kyeahen;
				TargetAttributes = {
					223F3F8E2217D56B00A9CE34 = {
						CreatedOnToolsVersion = 10.1;
					};
					223F3F9E2217F27500A9CE34 = {
						CreatedOnToolsVersion = 10.1;
					};
				};
			};
			buildConfigurationList = 223F3F8A2217D56B00A9CE34 /* Build configuration list for PBXProject "CarRacingGame" */;
			compatibilityVersion = "Xcode 9.3";
			developmentRegion = en;
			hasScannedForEncodings = 0;
			knownRegions = (
				en,
			);
			mainGroup = 223F3F862217D56B00A9CE34;
			productRefGroup = 223F3F902217D56B00A9CE34 /* Products */;
			projectDirPath = "";
			projectRoot = "";
			targets = (
				223F3F8E2217D56B00A9CE34 /* CarRacingGame */,
				223F3F9E2217F27500A9CE34 /* CarRacingGameTests */,
			);
		};
/* End PBXProject section */

/* Begin PBXResourcesBuildPhase section */
		223F3F9D2217F27500A9CE34 /* Resources */ = {
			isa = PBXResourcesBuildPhase;
			buildActionMask = 2147483647;
			files = (
			);
			runOnlyForDeploymentPostprocessing = 0;
		};
/* End PBXResourcesBuildPhase section */

/* Begin PBXSourcesBuildPhase section */
		223F3F8B2217D56B00A9CE34 /* Sources */ = {
			isa = PBXSourcesBuildPhase;
			buildActionMask = 2147483647;
			files = (
				223F3FAF222008CB00A9CE34 /* RacingGame.swift in Sources */,
				223F3F932217D56B00A9CE34 /* main.swift in Sources */,
				223F3FAD2220060F00A9CE34 /* Car.swift in Sources */,
				223F3FB122200A1900A9CE34 /* RandomNumber.swift in Sources */,
			);
			runOnlyForDeploymentPostprocessing = 0;
		};
		223F3F9B2217F27500A9CE34 /* Sources */ = {
			isa = PBXSourcesBuildPhase;
			buildActionMask = 2147483647;
			files = (
				223F3FB32220142A00A9CE34 /* main.swift in Sources */,
				223F3FB62220146A00A9CE34 /* RacingGame.swift in Sources */,
				223F3FB72220146C00A9CE34 /* RandomNumber.swift in Sources */,
				223F3FA22217F27500A9CE34 /* CarRacingGameTests.swift in Sources */,
				223F3FB52220146700A9CE34 /* Car.swift in Sources */,
			);
			runOnlyForDeploymentPostprocessing = 0;
		};
/* End PBXSourcesBuildPhase section */

/* Begin XCBuildConfiguration section */
		223F3F942217D56B00A9CE34 /* Debug */ = {
			isa = XCBuildConfiguration;
			buildSettings = {
				ALWAYS_SEARCH_USER_PATHS = NO;
				CLANG_ANALYZER_NONNULL = YES;
				CLANG_ANALYZER_NUMBER_OBJECT_CONVERSION = YES_AGGRESSIVE;
				CLANG_CXX_LANGUAGE_STANDARD = "gnu++14";
				CLANG_CXX_LIBRARY = "libc++";
				CLANG_ENABLE_MODULES = YES;
				CLANG_ENABLE_OBJC_ARC = YES;
				CLANG_ENABLE_OBJC_WEAK = YES;
				CLANG_WARN_BLOCK_CAPTURE_AUTORELEASING = YES;
				CLANG_WARN_BOOL_CONVERSION = YES;
				CLANG_WARN_COMMA = YES;
				CLANG_WARN_CONSTANT_CONVERSION = YES;
				CLANG_WARN_DEPRECATED_OBJC_IMPLEMENTATIONS = YES;
				CLANG_WARN_DIRECT_OBJC_ISA_USAGE = YES_ERROR;
				CLANG_WARN_DOCUMENTATION_COMMENTS = YES;
				CLANG_WARN_EMPTY_BODY = YES;
				CLANG_WARN_ENUM_CONVERSION = YES;
				CLANG_WARN_INFINITE_RECURSION = YES;
				CLANG_WARN_INT_CONVERSION = YES;
				CLANG_WARN_NON_LITERAL_NULL_CONVERSION = YES;
				CLANG_WARN_OBJC_IMPLICIT_RETAIN_SELF = YES;
				CLANG_WARN_OBJC_LITERAL_CONVERSION = YES;
				CLANG_WARN_OBJC_ROOT_CLASS = YES_ERROR;
				CLANG_WARN_RANGE_LOOP_ANALYSIS = YES;
				CLANG_WARN_STRICT_PROTOTYPES = YES;
				CLANG_WARN_SUSPICIOUS_MOVE = YES;
				CLANG_WARN_UNGUARDED_AVAILABILITY = YES_AGGRESSIVE;
				CLANG_WARN_UNREACHABLE_CODE = YES;
				CLANG_WARN__DUPLICATE_METHOD_MATCH = YES;
				CODE_SIGN_IDENTITY = "-";
				COPY_PHASE_STRIP = NO;
				DEBUG_INFORMATION_FORMAT = dwarf;
				ENABLE_STRICT_OBJC_MSGSEND = YES;
				ENABLE_TESTABILITY = YES;
				GCC_C_LANGUAGE_STANDARD = gnu11;
				GCC_DYNAMIC_NO_PIC = NO;
				GCC_NO_COMMON_BLOCKS = YES;
				GCC_OPTIMIZATION_LEVEL = 0;
				GCC_PREPROCESSOR_DEFINITIONS = (
					"DEBUG=1",
					"$(inherited)",
				);
				GCC_WARN_64_TO_32_BIT_CONVERSION = YES;
				GCC_WARN_ABOUT_RETURN_TYPE = YES_ERROR;
				GCC_WARN_UNDECLARED_SELECTOR = YES;
				GCC_WARN_UNINITIALIZED_AUTOS = YES_AGGRESSIVE;
				GCC_WARN_UNUSED_FUNCTION = YES;
				GCC_WARN_UNUSED_VARIABLE = YES;
				MACOSX_DEPLOYMENT_TARGET = 10.14;
				MTL_ENABLE_DEBUG_INFO = INCLUDE_SOURCE;
				MTL_FAST_MATH = YES;
				ONLY_ACTIVE_ARCH = YES;
				SDKROOT = macosx;
				SWIFT_ACTIVE_COMPILATION_CONDITIONS = DEBUG;
				SWIFT_OPTIMIZATION_LEVEL = "-Onone";
			};
			name = Debug;
		};
		223F3F952217D56B00A9CE34 /* Release */ = {
			isa = XCBuildConfiguration;
			buildSettings = {
				ALWAYS_SEARCH_USER_PATHS = NO;
				CLANG_ANALYZER_NONNULL = YES;
				CLANG_ANALYZER_NUMBER_OBJECT_CONVERSION = YES_AGGRESSIVE;
				CLANG_CXX_LANGUAGE_STANDARD = "gnu++14";
				CLANG_CXX_LIBRARY = "libc++";
				CLANG_ENABLE_MODULES = YES;
				CLANG_ENABLE_OBJC_ARC = YES;
				CLANG_ENABLE_OBJC_WEAK = YES;
				CLANG_WARN_BLOCK_CAPTURE_AUTORELEASING = YES;
				CLANG_WARN_BOOL_CONVERSION = YES;
				CLANG_WARN_COMMA = YES;
				CLANG_WARN_CONSTANT_CONVERSION = YES;
				CLANG_WARN_DEPRECATED_OBJC_IMPLEMENTATIONS = YES;
				CLANG_WARN_DIRECT_OBJC_ISA_USAGE = YES_ERROR;
				CLANG_WARN_DOCUMENTATION_COMMENTS = YES;
				CLANG_WARN_EMPTY_BODY = YES;
				CLANG_WARN_ENUM_CONVERSION = YES;
				CLANG_WARN_INFINITE_RECURSION = YES;
				CLANG_WARN_INT_CONVERSION = YES;
				CLANG_WARN_NON_LITERAL_NULL_CONVERSION = YES;
				CLANG_WARN_OBJC_IMPLICIT_RETAIN_SELF = YES;
				CLANG_WARN_OBJC_LITERAL_CONVERSION = YES;
				CLANG_WARN_OBJC_ROOT_CLASS = YES_ERROR;
				CLANG_WARN_RANGE_LOOP_ANALYSIS = YES;
				CLANG_WARN_STRICT_PROTOTYPES = YES;
				CLANG_WARN_SUSPICIOUS_MOVE = YES;
				CLANG_WARN_UNGUARDED_AVAILABILITY = YES_AGGRESSIVE;
				CLANG_WARN_UNREACHABLE_CODE = YES;
				CLANG_WARN__DUPLICATE_METHOD_MATCH = YES;
				CODE_SIGN_IDENTITY = "-";
				COPY_PHASE_STRIP = NO;
				DEBUG_INFORMATION_FORMAT = "dwarf-with-dsym";
				ENABLE_NS_ASSERTIONS = NO;
				ENABLE_STRICT_OBJC_MSGSEND = YES;
				GCC_C_LANGUAGE_STANDARD = gnu11;
				GCC_NO_COMMON_BLOCKS = YES;
				GCC_WARN_64_TO_32_BIT_CONVERSION = YES;
				GCC_WARN_ABOUT_RETURN_TYPE = YES_ERROR;
				GCC_WARN_UNDECLARED_SELECTOR = YES;
				GCC_WARN_UNINITIALIZED_AUTOS = YES_AGGRESSIVE;
				GCC_WARN_UNUSED_FUNCTION = YES;
				GCC_WARN_UNUSED_VARIABLE = YES;
				MACOSX_DEPLOYMENT_TARGET = 10.14;
				MTL_ENABLE_DEBUG_INFO = NO;
				MTL_FAST_MATH = YES;
				SDKROOT = macosx;
				SWIFT_COMPILATION_MODE = wholemodule;
				SWIFT_OPTIMIZATION_LEVEL = "-O";
			};
			name = Release;
		};
		223F3F972217D56B00A9CE34 /* Debug */ = {
			isa = XCBuildConfiguration;
			buildSettings = {
				CODE_SIGN_STYLE = Automatic;
				PRODUCT_NAME = "$(TARGET_NAME)";
				SWIFT_VERSION = 4.2;
			};
			name = Debug;
		};
		223F3F982217D56B00A9CE34 /* Release */ = {
			isa = XCBuildConfiguration;
			buildSettings = {
				CODE_SIGN_STYLE = Automatic;
				PRODUCT_NAME = "$(TARGET_NAME)";
				SWIFT_VERSION = 4.2;
			};
			name = Release;
		};
		223F3FA52217F27500A9CE34 /* Debug */ = {
			isa = XCBuildConfiguration;
			buildSettings = {
				CODE_SIGN_STYLE = Automatic;
				COMBINE_HIDPI_IMAGES = YES;
				DEVELOPMENT_TEAM = S3H456VQ6Y;
				INFOPLIST_FILE = CarRacingGameTests/Info.plist;
				LD_RUNPATH_SEARCH_PATHS = (
					"$(inherited)",
					"@executable_path/../Frameworks",
					"@loader_path/../Frameworks",
				);
				PRODUCT_BUNDLE_IDENTIFIER = com.study.iOS.CarRacingGameTests;
				PRODUCT_NAME = "$(TARGET_NAME)";
				SWIFT_VERSION = 4.2;
			};
			name = Debug;
		};
		223F3FA62217F27500A9CE34 /* Release */ = {
			isa = XCBuildConfiguration;
			buildSettings = {
				CODE_SIGN_STYLE = Automatic;
				COMBINE_HIDPI_IMAGES = YES;
				DEVELOPMENT_TEAM = S3H456VQ6Y;
				INFOPLIST_FILE = CarRacingGameTests/Info.plist;
				LD_RUNPATH_SEARCH_PATHS = (
					"$(inherited)",
					"@executable_path/../Frameworks",
					"@loader_path/../Frameworks",
				);
				PRODUCT_BUNDLE_IDENTIFIER = com.study.iOS.CarRacingGameTests;
				PRODUCT_NAME = "$(TARGET_NAME)";
				SWIFT_VERSION = 4.2;
			};
			name = Release;
		};
/* End XCBuildConfiguration section */

/* Begin XCConfigurationList section */
		223F3F8A2217D56B00A9CE34 /* Build configuration list for PBXProject "CarRacingGame" */ = {
			isa = XCConfigurationList;
			buildConfigurations = (
				223F3F942217D56B00A9CE34 /* Debug */,
				223F3F952217D56B00A9CE34 /* Release */,
			);
			defaultConfigurationIsVisible = 0;
			defaultConfigurationName = Release;
		};
		223F3F962217D56B00A9CE34 /* Build configuration list for PBXNativeTarget "CarRacingGame" */ = {
			isa = XCConfigurationList;
			buildConfigurations = (
				223F3F972217D56B00A9CE34 /* Debug */,
				223F3F982217D56B00A9CE34 /* Release */,
			);
			defaultConfigurationIsVisible = 0;
			defaultConfigurationName = Release;
		};
		223F3FA42217F27500A9CE34 /* Build configuration list for PBXNativeTarget "CarRacingGameTests" */ = {
			isa = XCConfigurationList;
			buildConfigurations = (
				223F3FA52217F27500A9CE34 /* Debug */,
				223F3FA62217F27500A9CE34 /* Release */,
			);
			defaultConfigurationIsVisible = 0;
			defaultConfigurationName = Release;
		};
/* End XCConfigurationList section */
	};
	rootObject = 223F3F872217D56B00A9CE34 /* Project object */;
}
